
Microsoft Visual Studio Solution File, Format Version 12.00
# Visual Studio Express 2013 for Windows Desktop
VisualStudioVersion = 12.0.40629.0
MinimumVisualStudioVersion = 10.0.40219.1
Project("{FAE04EC0-301F-11D3-BF4B-00C04F79EFBC}") = "DB definition diagram _WRS", "DB definition diagram _WRS\DB definition diagram _WRS.csproj", "{5ECB4ADD-BF1B-45CA-9CF1-17A8DB2DA1FC}"
EndProject
Project("{FAE04EC0-301F-11D3-BF4B-00C04F79EFBC}") = "TranslateJPENAssembly", "TranslateJPENAssembly\TranslateJPENAssembly.csproj", "{A6677024-BDE4-4D9D-AE78-362309D4255C}"
EndProject
Project("{FAE04EC0-301F-11D3-BF4B-00C04F79EFBC}") = "Tuhoconline", "Tuhoconline\Tuhoconline.csproj", "{E6CA4A49-BFEA-405F-8A34-9152933F82B2}"
EndProject
Global
	GlobalSection(SolutionConfigurationPlatforms) = preSolution
		Debug|Any CPU = Debug|Any CPU
		Release|Any CPU = Release|Any CPU
	EndGlobalSection
	GlobalSection(ProjectConfigurationPlatforms) = postSolution
		{5ECB4ADD-BF1B-45CA-9CF1-17A8DB2DA1FC}.Debug|Any CPU.ActiveCfg = Debug|Any CPU
		{5ECB4ADD-BF1B-45CA-9CF1-17A8DB2DA1FC}.Debug|Any CPU.Build.0 = Debug|Any CPU
		{5ECB4ADD-BF1B-45CA-9CF1-17A8DB2DA1FC}.Release|Any CPU.ActiveCfg = Release|Any CPU
		{5ECB4ADD-BF1B-45CA-9CF1-17A8DB2DA1FC}.Release|Any CPU.Build.0 = Release|Any CPU
		{A6677024-BDE4-4D9D-AE78-362309D4255C}.Debug|Any CPU.ActiveCfg = Debug|Any CPU
		{A6677024-BDE4-4D9D-AE78-362309D4255C}.Debug|Any CPU.Build.0 = Debug|Any CPU
		{A6677024-BDE4-4D9D-AE78-362309D4255C}.Release|Any CPU.ActiveCfg = Release|Any CPU
		{A6677024-BDE4-4D9D-AE78-362309D4255C}.Release|Any CPU.Build.0 = Release|Any CPU
		{E6CA4A49-BFEA-405F-8A34-9152933F82B2}.Debug|Any CPU.ActiveCfg = Debug|Any CPU
		{E6CA4A49-BFEA-405F-8A34-9152933F82B2}.Debug|Any CPU.Build.0 = Debug|Any CPU
		{E6CA4A49-BFEA-405F-8A34-9152933F82B2}.Release|Any CPU.ActiveCfg = Release|Any CPU
		{E6CA4A49-BFEA-405F-8A34-9152933F82B2}.Release|Any CPU.Build.0 = Release|Any CPU
	EndGlobalSection
	GlobalSection(SolutionProperties) = preSolution
		HideSolutionNode = FALSE
	EndGlobalSection
EndGlobal
